schema: '2.0'
stages:
  download:
    cmd: src/1_download.sh
    deps:
    - path: src/1_download.sh
      md5: e87ff761fa0f7909cd88edfa74bce583
      size: 341
    outs:
    - path: download/
      md5: 460b6daa79c4dcf87391f6b75d378dba.dir
      size: 2495547074
      nfiles: 24
  unzip:
    cmd: src/2_unzip.sh
    deps:
    - path: download/
      md5: 460b6daa79c4dcf87391f6b75d378dba.dir
      size: 2495547074
      nfiles: 24
    - path: src/2_unzip.sh
      md5: 61b36784c2b9744b67aab49f3deb73cd
      size: 713
    outs:
    - path: raw/
      md5: 661a8d40a4fdf2bef9500ba475f5cb1c.dir
      size: 39454106682
      nfiles: 24
    - path: temp/
      md5: 82202473a96e19475115a0322c884566.dir
      size: 571
      nfiles: 2
  build:
    cmd: src/3_build_parquet.sh
    deps:
    - path: raw/
      md5: 661a8d40a4fdf2bef9500ba475f5cb1c.dir
      size: 39454106682
      nfiles: 24
    - path: src/3_build_parquet.sh
      md5: 287b38bbfa1562d9f9469db375e2b625
      size: 2280
    - path: src/nquads2parquet.py
      md5: 1adc0e6bd5bd6f9cd9dfdd95d4eed97b
      size: 1485
    - path: temp/
      md5: 9f38f07a0ea1ac5d5175b4e6c7e37deb.dir
      size: 1539
      nfiles: 3
    outs:
    - path: data/
      md5: 6931d97514954d642a31d40ba371b3c5.dir
      size: 33109600378
      nfiles: 43
