schema: '2.0'
stages:
  download:
    cmd: src/1_download.sh
    deps:
    - path: src/1_download.sh
      md5: e87ff761fa0f7909cd88edfa74bce583
      size: 341
    outs:
    - path: download/
      md5: 460b6daa79c4dcf87391f6b75d378dba.dir
      size: 2495547074
      nfiles: 24
  unzip:
    cmd: src/2_unzip.sh
    deps:
    - path: download/
      md5: 460b6daa79c4dcf87391f6b75d378dba.dir
      size: 2495547074
      nfiles: 24
    - path: src/2_unzip.sh
      md5: 61b36784c2b9744b67aab49f3deb73cd
      size: 713
    outs:
    - path: raw/
      md5: 661a8d40a4fdf2bef9500ba475f5cb1c.dir
      size: 39454106682
      nfiles: 24
    - path: temp/
      md5: 82202473a96e19475115a0322c884566.dir
      size: 571
      nfiles: 2
  build:
    cmd: src/3_build_parquet.sh
    deps:
    - path: raw/
      md5: 661a8d40a4fdf2bef9500ba475f5cb1c.dir
      size: 39454106682
      nfiles: 24
    - path: src/3_build_parquet.sh
      md5: 6e1a6483cd79ad58e9ac80da659dd7a5
      size: 2234
      isexec: true
    - path: src/nquads2parquet.py
      md5: 1adc0e6bd5bd6f9cd9dfdd95d4eed97b
      size: 1485
    - path: temp/
      md5: 1077e2ee7883d84b07ccbb1b310ee67f.dir
      size: 1220
      nfiles: 3
    outs:
    - path: data/
      md5: ea955276fa99063424e1ffa2eaf2a294.dir
      size: 6590270989
      nfiles: 43
